
Microsoft Visual Studio Solution File, Format Version 12.00
# Visual Studio Version 17
VisualStudioVersion = 17.14.36221.1 d17.14
MinimumVisualStudioVersion = 10.0.40219.1
Project("{FAE04EC0-301F-11D3-BF4B-00C04F79EFBC}") = "Reverse string", "Reverse string\Reverse string.csproj", "{367EC901-F209-4ADB-A5E5-0035095D6F42}"
EndProject
Global
	GlobalSection(SolutionConfigurationPlatforms) = preSolution
		Debug|Any CPU = Debug|Any CPU
		Release|Any CPU = Release|Any CPU
	EndGlobalSection
	GlobalSection(ProjectConfigurationPlatforms) = postSolution
		{367EC901-F209-4ADB-A5E5-0035095D6F42}.Debug|Any CPU.ActiveCfg = Debug|Any CPU
		{367EC901-F209-4ADB-A5E5-0035095D6F42}.Debug|Any CPU.Build.0 = Debug|Any CPU
		{367EC901-F209-4ADB-A5E5-0035095D6F42}.Release|Any CPU.ActiveCfg = Release|Any CPU
		{367EC901-F209-4ADB-A5E5-0035095D6F42}.Release|Any CPU.Build.0 = Release|Any CPU
	EndGlobalSection
	GlobalSection(SolutionProperties) = preSolution
		HideSolutionNode = FALSE
	EndGlobalSection
	GlobalSection(ExtensibilityGlobals) = postSolution
		SolutionGuid = {43A7BA3D-F90F-41F8-90C2-3BB4C1477DAB}
	EndGlobalSection
EndGlobal
