
Microsoft Visual Studio Solution File, Format Version 12.00
# Visual Studio Version 17
VisualStudioVersion = 17.14.36221.1 d17.14
MinimumVisualStudioVersion = 10.0.40219.1
Project("{FAE04EC0-301F-11D3-BF4B-00C04F79EFBC}") = "Array of multiple", "Array of multiple\Array of multiple.csproj", "{F896F640-37A9-451F-9B33-7FD859CCB2DC}"
EndProject
Global
	GlobalSection(SolutionConfigurationPlatforms) = preSolution
		Debug|Any CPU = Debug|Any CPU
		Release|Any CPU = Release|Any CPU
	EndGlobalSection
	GlobalSection(ProjectConfigurationPlatforms) = postSolution
		{F896F640-37A9-451F-9B33-7FD859CCB2DC}.Debug|Any CPU.ActiveCfg = Debug|Any CPU
		{F896F640-37A9-451F-9B33-7FD859CCB2DC}.Debug|Any CPU.Build.0 = Debug|Any CPU
		{F896F640-37A9-451F-9B33-7FD859CCB2DC}.Release|Any CPU.ActiveCfg = Release|Any CPU
		{F896F640-37A9-451F-9B33-7FD859CCB2DC}.Release|Any CPU.Build.0 = Release|Any CPU
	EndGlobalSection
	GlobalSection(SolutionProperties) = preSolution
		HideSolutionNode = FALSE
	EndGlobalSection
	GlobalSection(ExtensibilityGlobals) = postSolution
		SolutionGuid = {86C9A124-E4BD-444C-9401-F49216DF865D}
	EndGlobalSection
EndGlobal
