
Microsoft Visual Studio Solution File, Format Version 12.00
# Visual Studio Version 17
VisualStudioVersion = 17.14.36221.1 d17.14
MinimumVisualStudioVersion = 10.0.40219.1
Project("{FAE04EC0-301F-11D3-BF4B-00C04F79EFBC}") = "out parameter", "out parameter\out parameter.csproj", "{84888251-E4E4-4F57-9A33-BAE43C8BC891}"
EndProject
Global
	GlobalSection(SolutionConfigurationPlatforms) = preSolution
		Debug|Any CPU = Debug|Any CPU
		Release|Any CPU = Release|Any CPU
	EndGlobalSection
	GlobalSection(ProjectConfigurationPlatforms) = postSolution
		{84888251-E4E4-4F57-9A33-BAE43C8BC891}.Debug|Any CPU.ActiveCfg = Debug|Any CPU
		{84888251-E4E4-4F57-9A33-BAE43C8BC891}.Debug|Any CPU.Build.0 = Debug|Any CPU
		{84888251-E4E4-4F57-9A33-BAE43C8BC891}.Release|Any CPU.ActiveCfg = Release|Any CPU
		{84888251-E4E4-4F57-9A33-BAE43C8BC891}.Release|Any CPU.Build.0 = Release|Any CPU
	EndGlobalSection
	GlobalSection(SolutionProperties) = preSolution
		HideSolutionNode = FALSE
	EndGlobalSection
	GlobalSection(ExtensibilityGlobals) = postSolution
		SolutionGuid = {66A8622C-47D4-4FDD-BB0A-817D6A27251C}
	EndGlobalSection
EndGlobal
