
Microsoft Visual Studio Solution File, Format Version 12.00
# Visual Studio Version 17
VisualStudioVersion = 17.14.36221.1 d17.14
MinimumVisualStudioVersion = 10.0.40219.1
Project("{FAE04EC0-301F-11D3-BF4B-00C04F79EFBC}") = "Dictionary", "Dictionary\Dictionary.csproj", "{6FFE3BF5-FF5B-48E2-B398-24D5B13300F9}"
EndProject
Global
	GlobalSection(SolutionConfigurationPlatforms) = preSolution
		Debug|Any CPU = Debug|Any CPU
		Release|Any CPU = Release|Any CPU
	EndGlobalSection
	GlobalSection(ProjectConfigurationPlatforms) = postSolution
		{6FFE3BF5-FF5B-48E2-B398-24D5B13300F9}.Debug|Any CPU.ActiveCfg = Debug|Any CPU
		{6FFE3BF5-FF5B-48E2-B398-24D5B13300F9}.Debug|Any CPU.Build.0 = Debug|Any CPU
		{6FFE3BF5-FF5B-48E2-B398-24D5B13300F9}.Release|Any CPU.ActiveCfg = Release|Any CPU
		{6FFE3BF5-FF5B-48E2-B398-24D5B13300F9}.Release|Any CPU.Build.0 = Release|Any CPU
	EndGlobalSection
	GlobalSection(SolutionProperties) = preSolution
		HideSolutionNode = FALSE
	EndGlobalSection
	GlobalSection(ExtensibilityGlobals) = postSolution
		SolutionGuid = {A874FE94-CB54-47F4-B096-383BF3D84373}
	EndGlobalSection
EndGlobal
